
Microsoft Visual Studio Solution File, Format Version 12.00
# Visual Studio 15
VisualStudioVersion = 15.0.28010.2019
MinimumVisualStudioVersion = 10.0.40219.1
Project("{FAE04EC0-301F-11D3-BF4B-00C04F79EFBC}") = "Cystal.Web", "Cystal.Web\Cystal.Web.csproj", "{242991E9-7CC4-486F-BCEE-8E4BDDBB6B36}"
EndProject
Global
	GlobalSection(SolutionConfigurationPlatforms) = preSolution
		Debug|Any CPU = Debug|Any CPU
		Release|Any CPU = Release|Any CPU
	EndGlobalSection
	GlobalSection(ProjectConfigurationPlatforms) = postSolution
		{242991E9-7CC4-486F-BCEE-8E4BDDBB6B36}.Debug|Any CPU.ActiveCfg = Debug|Any CPU
		{242991E9-7CC4-486F-BCEE-8E4BDDBB6B36}.Debug|Any CPU.Build.0 = Debug|Any CPU
		{242991E9-7CC4-486F-BCEE-8E4BDDBB6B36}.Release|Any CPU.ActiveCfg = Release|Any CPU
		{242991E9-7CC4-486F-BCEE-8E4BDDBB6B36}.Release|Any CPU.Build.0 = Release|Any CPU
	EndGlobalSection
	GlobalSection(SolutionProperties) = preSolution
		HideSolutionNode = FALSE
	EndGlobalSection
	GlobalSection(ExtensibilityGlobals) = postSolution
		SolutionGuid = {8203C096-A7D8-43B7-814E-EFE61CE15496}
	EndGlobalSection
EndGlobal
